// !$*UTF8*$!
{
	archiveVersion = 1;
	classes = {
	};
	objectVersion = 46;
	objects = {

/* Begin PBXBuildFile section */
		2F50C3381C324E36008675B7 /* AppDelegate.swift in Sources */ = {isa = PBXBuildFile; fileRef = 2F50C3371C324E36008675B7 /* AppDelegate.swift */; };
		2F50C33D1C324E36008675B7 /* Main.storyboard in Resources */ = {isa = PBXBuildFile; fileRef = 2F50C33B1C324E36008675B7 /* Main.storyboard */; };
		2F50C33F1C324E36008675B7 /* Assets.xcassets in Resources */ = {isa = PBXBuildFile; fileRef = 2F50C33E1C324E36008675B7 /* Assets.xcassets */; };
		2F50C3421C324E36008675B7 /* LaunchScreen.storyboard in Resources */ = {isa = PBXBuildFile; fileRef = 2F50C3401C324E36008675B7 /* LaunchScreen.storyboard */; };
		2F50C34D1C324E36008675B7 /* InAppPurchaseTestSwiftTests.swift in Sources */ = {isa = PBXBuildFile; fileRef = 2F50C34C1C324E36008675B7 /* InAppPurchaseTestSwiftTests.swift */; };
		2F50C3581C324E36008675B7 /* InAppPurchaseTestSwiftUITests.swift in Sources */ = {isa = PBXBuildFile; fileRef = 2F50C3571C324E36008675B7 /* InAppPurchaseTestSwiftUITests.swift */; };
		2FA35FFE1C3F54990031231D /* DetailViewController.swift in Sources */ = {isa = PBXBuildFile; fileRef = 2FA35FF81C3F54990031231D /* DetailViewController.swift */; };
		2FA360001C3F54990031231D /* MasterViewController.swift in Sources */ = {isa = PBXBuildFile; fileRef = 2FA35FFA1C3F54990031231D /* MasterViewController.swift */; };
		2FA360021C3F54990031231D /* RageProducts.swift in Sources */ = {isa = PBXBuildFile; fileRef = 2FA35FFC1C3F54990031231D /* RageProducts.swift */; };
		2FA360051C3F54C60031231D /* IAPHelper.swift in Sources */ = {isa = PBXBuildFile; fileRef = 2FA360041C3F54C60031231D /* IAPHelper.swift */; };
		2FA360091C3F852D0031231D /* verifyReceipt.php in Resources */ = {isa = PBXBuildFile; fileRef = 2FA360081C3F852D0031231D /* verifyReceipt.php */; };
		2FA3600B1C3FCFCA0031231D /* showme.txt in Resources */ = {isa = PBXBuildFile; fileRef = 2FA3600A1C3FCFCA0031231D /* showme.txt */; };
/* End PBXBuildFile section */

/* Begin PBXContainerItemProxy section */
		2F50C3491C324E36008675B7 /* PBXContainerItemProxy */ = {
			isa = PBXContainerItemProxy;
			containerPortal = 2F50C32C1C324E36008675B7 /* Project object */;
			proxyType = 1;
			remoteGlobalIDString = 2F50C3331C324E36008675B7;
			remoteInfo = InAppPurchaseTestSwift;
		};
		2F50C3541C324E36008675B7 /* PBXContainerItemProxy */ = {
			isa = PBXContainerItemProxy;
			containerPortal = 2F50C32C1C324E36008675B7 /* Project object */;
			proxyType = 1;
			remoteGlobalIDString = 2F50C3331C324E36008675B7;
			remoteInfo = InAppPurchaseTestSwift;
		};
/* End PBXContainerItemProxy section */

/* Begin PBXFileReference section */
		2F50C3341C324E36008675B7 /* InAppPurchaseTestSwift.app */ = {isa = PBXFileReference; explicitFileType = wrapper.application; includeInIndex = 0; path = InAppPurchaseTestSwift.app; sourceTree = BUILT_PRODUCTS_DIR; };
		2F50C3371C324E36008675B7 /* AppDelegate.swift */ = {isa = PBXFileReference; lastKnownFileType = sourcecode.swift; path = AppDelegate.swift; sourceTree = "<group>"; };
		2F50C33C1C324E36008675B7 /* Base */ = {isa = PBXFileReference; lastKnownFileType = file.storyboard; name = Base; path = Base.lproj/Main.storyboard; sourceTree = "<group>"; };
		2F50C33E1C324E36008675B7 /* Assets.xcassets */ = {isa = PBXFileReference; lastKnownFileType = folder.assetcatalog; path = Assets.xcassets; sourceTree = "<group>"; };
		2F50C3411C324E36008675B7 /* Base */ = {isa = PBXFileReference; lastKnownFileType = file.storyboard; name = Base; path = Base.lproj/LaunchScreen.storyboard; sourceTree = "<group>"; };
		2F50C3431C324E36008675B7 /* Info.plist */ = {isa = PBXFileReference; lastKnownFileType = text.plist.xml; path = Info.plist; sourceTree = "<group>"; };
		2F50C3481C324E36008675B7 /* InAppPurchaseTestSwiftTests.xctest */ = {isa = PBXFileReference; explicitFileType = wrapper.cfbundle; includeInIndex = 0; path = InAppPurchaseTestSwiftTests.xctest; sourceTree = BUILT_PRODUCTS_DIR; };
		2F50C34C1C324E36008675B7 /* InAppPurchaseTestSwiftTests.swift */ = {isa = PBXFileReference; lastKnownFileType = sourcecode.swift; path = InAppPurchaseTestSwiftTests.swift; sourceTree = "<group>"; };
		2F50C34E1C324E36008675B7 /* Info.plist */ = {isa = PBXFileReference; lastKnownFileType = text.plist.xml; path = Info.plist; sourceTree = "<group>"; };
		2F50C3531C324E36008675B7 /* InAppPurchaseTestSwiftUITests.xctest */ = {isa = PBXFileReference; explicitFileType = wrapper.cfbundle; includeInIndex = 0; path = InAppPurchaseTestSwiftUITests.xctest; sourceTree = BUILT_PRODUCTS_DIR; };
		2F50C3571C324E36008675B7 /* InAppPurchaseTestSwiftUITests.swift */ = {isa = PBXFileReference; lastKnownFileType = sourcecode.swift; path = InAppPurchaseTestSwiftUITests.swift; sourceTree = "<group>"; };
		2F50C3591C324E36008675B7 /* Info.plist */ = {isa = PBXFileReference; lastKnownFileType = text.plist.xml; path = Info.plist; sourceTree = "<group>"; };
		2FA35FF81C3F54990031231D /* DetailViewController.swift */ = {isa = PBXFileReference; fileEncoding = 4; lastKnownFileType = sourcecode.swift; path = DetailViewController.swift; sourceTree = "<group>"; };
		2FA35FFA1C3F54990031231D /* MasterViewController.swift */ = {isa = PBXFileReference; fileEncoding = 4; lastKnownFileType = sourcecode.swift; path = MasterViewController.swift; sourceTree = "<group>"; };
		2FA35FFC1C3F54990031231D /* RageProducts.swift */ = {isa = PBXFileReference; fileEncoding = 4; lastKnownFileType = sourcecode.swift; path = RageProducts.swift; sourceTree = "<group>"; };
		2FA360041C3F54C60031231D /* IAPHelper.swift */ = {isa = PBXFileReference; fileEncoding = 4; lastKnownFileType = sourcecode.swift; path = IAPHelper.swift; sourceTree = "<group>"; };
		2FA360081C3F852D0031231D /* verifyReceipt.php */ = {isa = PBXFileReference; fileEncoding = 4; lastKnownFileType = text.script.php; path = verifyReceipt.php; sourceTree = "<group>"; };
		2FA3600A1C3FCFCA0031231D /* showme.txt */ = {isa = PBXFileReference; fileEncoding = 4; lastKnownFileType = text; path = showme.txt; sourceTree = "<group>"; };
/* End PBXFileReference section */

/* Begin PBXFrameworksBuildPhase section */
		2F50C3311C324E36008675B7 /* Frameworks */ = {
			isa = PBXFrameworksBuildPhase;
			buildActionMask = 2147483647;
			files = (
			);
			runOnlyForDeploymentPostprocessing = 0;
		};
		2F50C3451C324E36008675B7 /* Frameworks */ = {
			isa = PBXFrameworksBuildPhase;
			buildActionMask = 2147483647;
			files = (
			);
			runOnlyForDeploymentPostprocessing = 0;
		};
		2F50C3501C324E36008675B7 /* Frameworks */ = {
			isa = PBXFrameworksBuildPhase;
			buildActionMask = 2147483647;
			files = (
			);
			runOnlyForDeploymentPostprocessing = 0;
		};
/* End PBXFrameworksBuildPhase section */

/* Begin PBXGroup section */
		2F50C32B1C324E36008675B7 = {
			isa = PBXGroup;
			children = (
				2F50C3361C324E36008675B7 /* InAppPurchaseTestSwift */,
				2F50C34B1C324E36008675B7 /* InAppPurchaseTestSwiftTests */,
				2F50C3561C324E36008675B7 /* InAppPurchaseTestSwiftUITests */,
				2F50C3351C324E36008675B7 /* Products */,
			);
			sourceTree = "<group>";
		};
		2F50C3351C324E36008675B7 /* Products */ = {
			isa = PBXGroup;
			children = (
				2F50C3341C324E36008675B7 /* InAppPurchaseTestSwift.app */,
				2F50C3481C324E36008675B7 /* InAppPurchaseTestSwiftTests.xctest */,
				2F50C3531C324E36008675B7 /* InAppPurchaseTestSwiftUITests.xctest */,
			);
			name = Products;
			sourceTree = "<group>";
		};
		2F50C3361C324E36008675B7 /* InAppPurchaseTestSwift */ = {
			isa = PBXGroup;
			children = (
				2F50C3371C324E36008675B7 /* AppDelegate.swift */,
				2F50C33B1C324E36008675B7 /* Main.storyboard */,
				2F50C33E1C324E36008675B7 /* Assets.xcassets */,
				2F50C3401C324E36008675B7 /* LaunchScreen.storyboard */,
				2F50C3431C324E36008675B7 /* Info.plist */,
				2FA35FF81C3F54990031231D /* DetailViewController.swift */,
				2FA35FFA1C3F54990031231D /* MasterViewController.swift */,
				2FA35FFC1C3F54990031231D /* RageProducts.swift */,
				2FA360041C3F54C60031231D /* IAPHelper.swift */,
				2FA360081C3F852D0031231D /* verifyReceipt.php */,
				2FA3600A1C3FCFCA0031231D /* showme.txt */,
			);
			path = InAppPurchaseTestSwift;
			sourceTree = "<group>";
		};
		2F50C34B1C324E36008675B7 /* InAppPurchaseTestSwiftTests */ = {
			isa = PBXGroup;
			children = (
				2F50C34C1C324E36008675B7 /* InAppPurchaseTestSwiftTests.swift */,
				2F50C34E1C324E36008675B7 /* Info.plist */,
			);
			path = InAppPurchaseTestSwiftTests;
			sourceTree = "<group>";
		};
		2F50C3561C324E36008675B7 /* InAppPurchaseTestSwiftUITests */ = {
			isa = PBXGroup;
			children = (
				2F50C3571C324E36008675B7 /* InAppPurchaseTestSwiftUITests.swift */,
				2F50C3591C324E36008675B7 /* Info.plist */,
			);
			path = InAppPurchaseTestSwiftUITests;
			sourceTree = "<group>";
		};
/* End PBXGroup section */

/* Begin PBXNativeTarget section */
		2F50C3331C324E36008675B7 /* InAppPurchaseTestSwift */ = {
			isa = PBXNativeTarget;
			buildConfigurationList = 2F50C35C1C324E36008675B7 /* Build configuration list for PBXNativeTarget "InAppPurchaseTestSwift" */;
			buildPhases = (
				2F50C3301C324E36008675B7 /* Sources */,
				2F50C3311C324E36008675B7 /* Frameworks */,
				2F50C3321C324E36008675B7 /* Resources */,
			);
			buildRules = (
			);
			dependencies = (
			);
			name = InAppPurchaseTestSwift;
			productName = InAppPurchaseTestSwift;
			productReference = 2F50C3341C324E36008675B7 /* InAppPurchaseTestSwift.app */;
			productType = "com.apple.product-type.application";
		};
		2F50C3471C324E36008675B7 /* InAppPurchaseTestSwiftTests */ = {
			isa = PBXNativeTarget;
			buildConfigurationList = 2F50C35F1C324E36008675B7 /* Build configuration list for PBXNativeTarget "InAppPurchaseTestSwiftTests" */;
			buildPhases = (
				2F50C3441C324E36008675B7 /* Sources */,
				2F50C3451C324E36008675B7 /* Frameworks */,
				2F50C3461C324E36008675B7 /* Resources */,
			);
			buildRules = (
			);
			dependencies = (
				2F50C34A1C324E36008675B7 /* PBXTargetDependency */,
			);
			name = InAppPurchaseTestSwiftTests;
			productName = InAppPurchaseTestSwiftTests;
			productReference = 2F50C3481C324E36008675B7 /* InAppPurchaseTestSwiftTests.xctest */;
			productType = "com.apple.product-type.bundle.unit-test";
		};
		2F50C3521C324E36008675B7 /* InAppPurchaseTestSwiftUITests */ = {
			isa = PBXNativeTarget;
			buildConfigurationList = 2F50C3621C324E36008675B7 /* Build configuration list for PBXNativeTarget "InAppPurchaseTestSwiftUITests" */;
			buildPhases = (
				2F50C34F1C324E36008675B7 /* Sources */,
				2F50C3501C324E36008675B7 /* Frameworks */,
				2F50C3511C324E36008675B7 /* Resources */,
			);
			buildRules = (
			);
			dependencies = (
				2F50C3551C324E36008675B7 /* PBXTargetDependency */,
			);
			name = InAppPurchaseTestSwiftUITests;
			productName = InAppPurchaseTestSwiftUITests;
			productReference = 2F50C3531C324E36008675B7 /* InAppPurchaseTestSwiftUITests.xctest */;
			productType = "com.apple.product-type.bundle.ui-testing";
		};
/* End PBXNativeTarget section */

/* Begin PBXProject section */
		2F50C32C1C324E36008675B7 /* Project object */ = {
			isa = PBXProject;
			attributes = {
				LastSwiftUpdateCheck = 0720;
				LastUpgradeCheck = 0720;
				ORGANIZATIONNAME = Vignesh;
				TargetAttributes = {
					2F50C3331C324E36008675B7 = {
						CreatedOnToolsVersion = 7.2;
					};
					2F50C3471C324E36008675B7 = {
						CreatedOnToolsVersion = 7.2;
						TestTargetID = 2F50C3331C324E36008675B7;
					};
					2F50C3521C324E36008675B7 = {
						CreatedOnToolsVersion = 7.2;
						TestTargetID = 2F50C3331C324E36008675B7;
					};
				};
			};
			buildConfigurationList = 2F50C32F1C324E36008675B7 /* Build configuration list for PBXProject "InAppPurchaseTestSwift" */;
			compatibilityVersion = "Xcode 3.2";
			developmentRegion = English;
			hasScannedForEncodings = 0;
			knownRegions = (
				en,
				Base,
			);
			mainGroup = 2F50C32B1C324E36008675B7;
			productRefGroup = 2F50C3351C324E36008675B7 /* Products */;
			projectDirPath = "";
			projectRoot = "";
			targets = (
				2F50C3331C324E36008675B7 /* InAppPurchaseTestSwift */,
				2F50C3471C324E36008675B7 /* InAppPurchaseTestSwiftTests */,
				2F50C3521C324E36008675B7 /* InAppPurchaseTestSwiftUITests */,
			);
		};
/* End PBXProject section */

/* Begin PBXResourcesBuildPhase section */
		2F50C3321C324E36008675B7 /* Resources */ = {
			isa = PBXResourcesBuildPhase;
			buildActionMask = 2147483647;
			files = (
				2FA3600B1C3FCFCA0031231D /* showme.txt in Resources */,
				2FA360091C3F852D0031231D /* verifyReceipt.php in Resources */,
				2F50C3421C324E36008675B7 /* LaunchScreen.storyboard in Resources */,
				2F50C33F1C324E36008675B7 /* Assets.xcassets in Resources */,
				2F50C33D1C324E36008675B7 /* Main.storyboard in Resources */,
			);
			runOnlyForDeploymentPostprocessing = 0;
		};
		2F50C3461C324E36008675B7 /* Resources */ = {
			isa = PBXResourcesBuildPhase;
			buildActionMask = 2147483647;
			files = (
			);
			runOnlyForDeploymentPostprocessing = 0;
		};
		2F50C3511C324E36008675B7 /* Resources */ = {
			isa = PBXResourcesBuildPhase;
			buildActionMask = 2147483647;
			files = (
			);
			runOnlyForDeploymentPostprocessing = 0;
		};
/* End PBXResourcesBuildPhase section */

/* Begin PBXSourcesBuildPhase section */
		2F50C3301C324E36008675B7 /* Sources */ = {
			isa = PBXSourcesBuildPhase;
			buildActionMask = 2147483647;
			files = (
				2FA360001C3F54990031231D /* MasterViewController.swift in Sources */,
				2FA35FFE1C3F54990031231D /* DetailViewController.swift in Sources */,
				2F50C3381C324E36008675B7 /* AppDelegate.swift in Sources */,
				2FA360051C3F54C60031231D /* IAPHelper.swift in Sources */,
				2FA360021C3F54990031231D /* RageProducts.swift in Sources */,
			);
			runOnlyForDeploymentPostprocessing = 0;
		};
		2F50C3441C324E36008675B7 /* Sources */ = {
			isa = PBXSourcesBuildPhase;
			buildActionMask = 2147483647;
			files = (
				2F50C34D1C324E36008675B7 /* InAppPurchaseTestSwiftTests.swift in Sources */,
			);
			runOnlyForDeploymentPostprocessing = 0;
		};
		2F50C34F1C324E36008675B7 /* Sources */ = {
			isa = PBXSourcesBuildPhase;
			buildActionMask = 2147483647;
			files = (
				2F50C3581C324E36008675B7 /* InAppPurchaseTestSwiftUITests.swift in Sources */,
			);
			runOnlyForDeploymentPostprocessing = 0;
		};
/* End PBXSourcesBuildPhase section */

/* Begin PBXTargetDependency section */
		2F50C34A1C324E36008675B7 /* PBXTargetDependency */ = {
			isa = PBXTargetDependency;
			target = 2F50C3331C324E36008675B7 /* InAppPurchaseTestSwift */;
			targetProxy = 2F50C3491C324E36008675B7 /* PBXContainerItemProxy */;
		};
		2F50C3551C324E36008675B7 /* PBXTargetDependency */ = {
			isa = PBXTargetDependency;
			target = 2F50C3331C324E36008675B7 /* InAppPurchaseTestSwift */;
			targetProxy = 2F50C3541C324E36008675B7 /* PBXContainerItemProxy */;
		};
/* End PBXTargetDependency section */

/* Begin PBXVariantGroup section */
		2F50C33B1C324E36008675B7 /* Main.storyboard */ = {
			isa = PBXVariantGroup;
			children = (
				2F50C33C1C324E36008675B7 /* Base */,
			);
			name = Main.storyboard;
			sourceTree = "<group>";
		};
		2F50C3401C324E36008675B7 /* LaunchScreen.storyboard */ = {
			isa = PBXVariantGroup;
			children = (
				2F50C3411C324E36008675B7 /* Base */,
			);
			name = LaunchScreen.storyboard;
			sourceTree = "<group>";
		};
/* End PBXVariantGroup section */

/* Begin XCBuildConfiguration section */
		2F50C35A1C324E36008675B7 /* Debug */ = {
			isa = XCBuildConfiguration;
			buildSettings = {
				ALWAYS_SEARCH_USER_PATHS = NO;
				CLANG_CXX_LANGUAGE_STANDARD = "gnu++0x";
				CLANG_CXX_LIBRARY = "libc++";
				CLANG_ENABLE_MODULES = YES;
				CLANG_ENABLE_OBJC_ARC = YES;
				CLANG_WARN_BOOL_CONVERSION = YES;
				CLANG_WARN_CONSTANT_CONVERSION = YES;
				CLANG_WARN_DIRECT_OBJC_ISA_USAGE = YES_ERROR;
				CLANG_WARN_EMPTY_BODY = YES;
				CLANG_WARN_ENUM_CONVERSION = YES;
				CLANG_WARN_INT_CONVERSION = YES;
				CLANG_WARN_OBJC_ROOT_CLASS = YES_ERROR;
				CLANG_WARN_UNREACHABLE_CODE = YES;
				CLANG_WARN__DUPLICATE_METHOD_MATCH = YES;
				"CODE_SIGN_IDENTITY[sdk=iphoneos*]" = "iPhone Developer";
				COPY_PHASE_STRIP = NO;
				DEBUG_INFORMATION_FORMAT = dwarf;
				ENABLE_STRICT_OBJC_MSGSEND = YES;
				ENABLE_TESTABILITY = YES;
				GCC_C_LANGUAGE_STANDARD = gnu99;
				GCC_DYNAMIC_NO_PIC = NO;
				GCC_NO_COMMON_BLOCKS = YES;
				GCC_OPTIMIZATION_LEVEL = 0;
				GCC_PREPROCESSOR_DEFINITIONS = (
					"DEBUG=1",
					"$(inherited)",
				);
				GCC_WARN_64_TO_32_BIT_CONVERSION = YES;
				GCC_WARN_ABOUT_RETURN_TYPE = YES_ERROR;
				GCC_WARN_UNDECLARED_SELECTOR = YES;
				GCC_WARN_UNINITIALIZED_AUTOS = YES_AGGRESSIVE;
				GCC_WARN_UNUSED_FUNCTION = YES;
				GCC_WARN_UNUSED_VARIABLE = YES;
				IPHONEOS_DEPLOYMENT_TARGET = 9.2;
				MTL_ENABLE_DEBUG_INFO = YES;
				ONLY_ACTIVE_ARCH = YES;
				SDKROOT = iphoneos;
				SWIFT_OPTIMIZATION_LEVEL = "-Onone";
				TARGETED_DEVICE_FAMILY = "1,2";
			};
			name = Debug;
		};
		2F50C35B1C324E36008675B7 /* Release */ = {
			isa = XCBuildConfiguration;
			buildSettings = {
				ALWAYS_SEARCH_USER_PATHS = NO;
				CLANG_CXX_LANGUAGE_STANDARD = "gnu++0x";
				CLANG_CXX_LIBRARY = "libc++";
				CLANG_ENABLE_MODULES = YES;
				CLANG_ENABLE_OBJC_ARC = YES;
				CLANG_WARN_BOOL_CONVERSION = YES;
				CLANG_WARN_CONSTANT_CONVERSION = YES;
				CLANG_WARN_DIRECT_OBJC_ISA_USAGE = YES_ERROR;
				CLANG_WARN_EMPTY_BODY = YES;
				CLANG_WARN_ENUM_CONVERSION = YES;
				CLANG_WARN_INT_CONVERSION = YES;
				CLANG_WARN_OBJC_ROOT_CLASS = YES_ERROR;
				CLANG_WARN_UNREACHABLE_CODE = YES;
				CLANG_WARN__DUPLICATE_METHOD_MATCH = YES;
				"CODE_SIGN_IDENTITY[sdk=iphoneos*]" = "iPhone Developer";
				COPY_PHASE_STRIP = NO;
				DEBUG_INFORMATION_FORMAT = "dwarf-with-dsym";
				ENABLE_NS_ASSERTIONS = NO;
				ENABLE_STRICT_OBJC_MSGSEND = YES;
				GCC_C_LANGUAGE_STANDARD = gnu99;
				GCC_NO_COMMON_BLOCKS = YES;
				GCC_WARN_64_TO_32_BIT_CONVERSION = YES;
				GCC_WARN_ABOUT_RETURN_TYPE = YES_ERROR;
				GCC_WARN_UNDECLARED_SELECTOR = YES;
				GCC_WARN_UNINITIALIZED_AUTOS = YES_AGGRESSIVE;
				GCC_WARN_UNUSED_FUNCTION = YES;
				GCC_WARN_UNUSED_VARIABLE = YES;
				IPHONEOS_DEPLOYMENT_TARGET = 9.2;
				MTL_ENABLE_DEBUG_INFO = NO;
				SDKROOT = iphoneos;
				TARGETED_DEVICE_FAMILY = "1,2";
				VALIDATE_PRODUCT = YES;
			};
			name = Release;
		};
		2F50C35D1C324E36008675B7 /* Debug */ = {
			isa = XCBuildConfiguration;
			buildSettings = {
				ASSETCATALOG_COMPILER_APPICON_NAME = AppIcon;
				INFOPLIST_FILE = InAppPurchaseTestSwift/Info.plist;
				LD_RUNPATH_SEARCH_PATHS = "$(inherited) @executable_path/Frameworks";
				PRODUCT_BUNDLE_IDENTIFIER = com.vignesh.InAppPurchaseTest;
				PRODUCT_NAME = "$(TARGET_NAME)";
			};
			name = Debug;
		};
		2F50C35E1C324E36008675B7 /* Release */ = {
			isa = XCBuildConfiguration;
			buildSettings = {
				ASSETCATALOG_COMPILER_APPICON_NAME = AppIcon;
				INFOPLIST_FILE = InAppPurchaseTestSwift/Info.plist;
				LD_RUNPATH_SEARCH_PATHS = "$(inherited) @executable_path/Frameworks";
				PRODUCT_BUNDLE_IDENTIFIER = com.vignesh.InAppPurchaseTest;
				PRODUCT_NAME = "$(TARGET_NAME)";
			};
			name = Release;
		};
		2F50C3601C324E36008675B7 /* Debug */ = {
			isa = XCBuildConfiguration;
			buildSettings = {
				BUNDLE_LOADER = "$(TEST_HOST)";
				INFOPLIST_FILE = InAppPurchaseTestSwiftTests/Info.plist;
				LD_RUNPATH_SEARCH_PATHS = "$(inherited) @executable_path/Frameworks @loader_path/Frameworks";
				PRODUCT_BUNDLE_IDENTIFIER = com.vignesh.InAppPurchaseTestSwiftTests;
				PRODUCT_NAME = "$(TARGET_NAME)";
				TEST_HOST = "$(BUILT_PRODUCTS_DIR)/InAppPurchaseTestSwift.app/InAppPurchaseTestSwift";
			};
			name = Debug;
		};
		2F50C3611C324E36008675B7 /* Release */ = {
			isa = XCBuildConfiguration;
			buildSettings = {
				BUNDLE_LOADER = "$(TEST_HOST)";
				INFOPLIST_FILE = InAppPurchaseTestSwiftTests/Info.plist;
				LD_RUNPATH_SEARCH_PATHS = "$(inherited) @executable_path/Frameworks @loader_path/Frameworks";
				PRODUCT_BUNDLE_IDENTIFIER = com.vignesh.InAppPurchaseTestSwiftTests;
				PRODUCT_NAME = "$(TARGET_NAME)";
				TEST_HOST = "$(BUILT_PRODUCTS_DIR)/InAppPurchaseTestSwift.app/InAppPurchaseTestSwift";
			};
			name = Release;
		};
		2F50C3631C324E36008675B7 /* Debug */ = {
			isa = XCBuildConfiguration;
			buildSettings = {
				INFOPLIST_FILE = InAppPurchaseTestSwiftUITests/Info.plist;
				LD_RUNPATH_SEARCH_PATHS = "$(inherited) @executable_path/Frameworks @loader_path/Frameworks";
				PRODUCT_BUNDLE_IDENTIFIER = com.vignesh.InAppPurchaseTestSwiftUITests;
				PRODUCT_NAME = "$(TARGET_NAME)";
				TEST_TARGET_NAME = InAppPurchaseTestSwift;
				USES_XCTRUNNER = YES;
			};
			name = Debug;
		};
		2F50C3641C324E36008675B7 /* Release */ = {
			isa = XCBuildConfiguration;
			buildSettings = {
				INFOPLIST_FILE = InAppPurchaseTestSwiftUITests/Info.plist;
				LD_RUNPATH_SEARCH_PATHS = "$(inherited) @executable_path/Frameworks @loader_path/Frameworks";
				PRODUCT_BUNDLE_IDENTIFIER = com.vignesh.InAppPurchaseTestSwiftUITests;
				PRODUCT_NAME = "$(TARGET_NAME)";
				TEST_TARGET_NAME = InAppPurchaseTestSwift;
				USES_XCTRUNNER = YES;
			};
			name = Release;
		};
/* End XCBuildConfiguration section */

/* Begin XCConfigurationList section */
		2F50C32F1C324E36008675B7 /* Build configuration list for PBXProject "InAppPurchaseTestSwift" */ = {
			isa = XCConfigurationList;
			buildConfigurations = (
				2F50C35A1C324E36008675B7 /* Debug */,
				2F50C35B1C324E36008675B7 /* Release */,
			);
			defaultConfigurationIsVisible = 0;
			defaultConfigurationName = Release;
		};
		2F50C35C1C324E36008675B7 /* Build configuration list for PBXNativeTarget "InAppPurchaseTestSwift" */ = {
			isa = XCConfigurationList;
			buildConfigurations = (
				2F50C35D1C324E36008675B7 /* Debug */,
				2F50C35E1C324E36008675B7 /* Release */,
			);
			defaultConfigurationIsVisible = 0;
			defaultConfigurationName = Release;
		};
		2F50C35F1C324E36008675B7 /* Build configuration list for PBXNativeTarget "InAppPurchaseTestSwiftTests" */ = {
			isa = XCConfigurationList;
			buildConfigurations = (
				2F50C3601C324E36008675B7 /* Debug */,
				2F50C3611C324E36008675B7 /* Release */,
			);
			defaultConfigurationIsVisible = 0;
			defaultConfigurationName = Release;
		};
		2F50C3621C324E36008675B7 /* Build configuration list for PBXNativeTarget "InAppPurchaseTestSwiftUITests" */ = {
			isa = XCConfigurationList;
			buildConfigurations = (
				2F50C3631C324E36008675B7 /* Debug */,
				2F50C3641C324E36008675B7 /* Release */,
			);
			defaultConfigurationIsVisible = 0;
			defaultConfigurationName = Release;
		};
/* End XCConfigurationList section */
	};
	rootObject = 2F50C32C1C324E36008675B7 /* Project object */;
}
